
Microsoft Visual Studio Solution File, Format Version 12.00
# Visual Studio Version 16
VisualStudioVersion = 16.0.30104.148
MinimumVisualStudioVersion = 10.0.40219.1
Project("{FAE04EC0-301F-11D3-BF4B-00C04F79EFBC}") = "POSync", "POSync.csproj", "{297A9AE8-8FC6-4CBA-B42A-0878363E80E5}"
EndProject
Project("{54435603-DBB4-11D2-8724-00A0C9A8B90C}") = "POSync Installer", "..\POSync Installer\POSync Installer.vdproj", "{D5515272-97FF-4A50-8D0B-B64479D3890D}"
EndProject
Project("{FAE04EC0-301F-11D3-BF4B-00C04F79EFBC}") = "POSync Updater", "..\POSync Updater\POSync Updater.csproj", "{4C1DF797-9FBE-416B-BAE0-E8B798A43F69}"
EndProject
Global
	GlobalSection(SolutionConfigurationPlatforms) = preSolution
		Debug|Any CPU = Debug|Any CPU
		Release|Any CPU = Release|Any CPU
	EndGlobalSection
	GlobalSection(ProjectConfigurationPlatforms) = postSolution
		{297A9AE8-8FC6-4CBA-B42A-0878363E80E5}.Debug|Any CPU.ActiveCfg = Debug|Any CPU
		{297A9AE8-8FC6-4CBA-B42A-0878363E80E5}.Debug|Any CPU.Build.0 = Debug|Any CPU
		{297A9AE8-8FC6-4CBA-B42A-0878363E80E5}.Release|Any CPU.ActiveCfg = Release|Any CPU
		{297A9AE8-8FC6-4CBA-B42A-0878363E80E5}.Release|Any CPU.Build.0 = Release|Any CPU
		{D5515272-97FF-4A50-8D0B-B64479D3890D}.Debug|Any CPU.ActiveCfg = Debug
		{D5515272-97FF-4A50-8D0B-B64479D3890D}.Release|Any CPU.ActiveCfg = Release
		{D5515272-97FF-4A50-8D0B-B64479D3890D}.Release|Any CPU.Build.0 = Release
		{4C1DF797-9FBE-416B-BAE0-E8B798A43F69}.Debug|Any CPU.ActiveCfg = Debug|Any CPU
		{4C1DF797-9FBE-416B-BAE0-E8B798A43F69}.Debug|Any CPU.Build.0 = Debug|Any CPU
		{4C1DF797-9FBE-416B-BAE0-E8B798A43F69}.Release|Any CPU.ActiveCfg = Release|Any CPU
		{4C1DF797-9FBE-416B-BAE0-E8B798A43F69}.Release|Any CPU.Build.0 = Release|Any CPU
	EndGlobalSection
	GlobalSection(SolutionProperties) = preSolution
		HideSolutionNode = FALSE
	EndGlobalSection
	GlobalSection(ExtensibilityGlobals) = postSolution
		SolutionGuid = {AA91D709-890B-48CA-9D68-9C374AF30DA2}
	EndGlobalSection
EndGlobal
